
Microsoft Visual Studio Solution File, Format Version 12.00
# Visual Studio Version 16
VisualStudioVersion = 16.0.32407.337
MinimumVisualStudioVersion = 10.0.40219.1
Project("{FAE04EC0-301F-11D3-BF4B-00C04F79EFBC}") = "WebsiteCommands", "WebsiteCommands\WebsiteCommands.csproj", "{48619B41-E029-43D4-9A63-648E412C55A1}"
EndProject
Global
	GlobalSection(SolutionConfigurationPlatforms) = preSolution
		Debug|Any CPU = Debug|Any CPU
		Release|Any CPU = Release|Any CPU
	EndGlobalSection
	GlobalSection(ProjectConfigurationPlatforms) = postSolution
		{48619B41-E029-43D4-9A63-648E412C55A1}.Debug|Any CPU.ActiveCfg = Debug|Any CPU
		{48619B41-E029-43D4-9A63-648E412C55A1}.Debug|Any CPU.Build.0 = Debug|Any CPU
		{48619B41-E029-43D4-9A63-648E412C55A1}.Release|Any CPU.ActiveCfg = Release|Any CPU
		{48619B41-E029-43D4-9A63-648E412C55A1}.Release|Any CPU.Build.0 = Release|Any CPU
	EndGlobalSection
	GlobalSection(SolutionProperties) = preSolution
		HideSolutionNode = FALSE
	EndGlobalSection
	GlobalSection(ExtensibilityGlobals) = postSolution
		SolutionGuid = {6A8D84AD-6E5D-4911-BAB9-A7C9A5EFFEF0}
	EndGlobalSection
EndGlobal
